
Microsoft Visual Studio Solution File, Format Version 12.00
# Visual Studio Version 16
VisualStudioVersion = 16.0.30523.141
MinimumVisualStudioVersion = 10.0.40219.1
Project("{9092AA53-FB77-4645-B42D-1CCCA6BD08BD}") = "Frankenstein", "Frankenstein\Frankenstein.njsproj", "{53E9C684-D8B0-4898-843D-E70F1C3A1DCF}"
EndProject
Global
	GlobalSection(SolutionConfigurationPlatforms) = preSolution
		Debug|Any CPU = Debug|Any CPU
		Release|Any CPU = Release|Any CPU
	EndGlobalSection
	GlobalSection(ProjectConfigurationPlatforms) = postSolution
		{53E9C684-D8B0-4898-843D-E70F1C3A1DCF}.Debug|Any CPU.ActiveCfg = Debug|Any CPU
		{53E9C684-D8B0-4898-843D-E70F1C3A1DCF}.Debug|Any CPU.Build.0 = Debug|Any CPU
		{53E9C684-D8B0-4898-843D-E70F1C3A1DCF}.Release|Any CPU.ActiveCfg = Release|Any CPU
		{53E9C684-D8B0-4898-843D-E70F1C3A1DCF}.Release|Any CPU.Build.0 = Release|Any CPU
	EndGlobalSection
	GlobalSection(SolutionProperties) = preSolution
		HideSolutionNode = FALSE
	EndGlobalSection
	GlobalSection(ExtensibilityGlobals) = postSolution
		SolutionGuid = {A962328C-196C-4196-AEDD-AD36BE0818D8}
	EndGlobalSection
EndGlobal
